// !$*UTF8*$!
{
	archiveVersion = 1;
	classes = {
	};
	objectVersion = 46;
	objects = {

/* Begin PBXBuildFile section */
		9BD8F8F11EB7018600015253 /* AppDelegate.swift in Sources */ = {isa = PBXBuildFile; fileRef = 9BD8F8F01EB7018600015253 /* AppDelegate.swift */; };
		9BD8F8F31EB7018600015253 /* ViewController.swift in Sources */ = {isa = PBXBuildFile; fileRef = 9BD8F8F21EB7018600015253 /* ViewController.swift */; };
		9BD8F8F61EB7018600015253 /* Main.storyboard in Resources */ = {isa = PBXBuildFile; fileRef = 9BD8F8F41EB7018600015253 /* Main.storyboard */; };
		9BD8F8F81EB7018600015253 /* Assets.xcassets in Resources */ = {isa = PBXBuildFile; fileRef = 9BD8F8F71EB7018600015253 /* Assets.xcassets */; };
		9BD8F8FB1EB7018600015253 /* LaunchScreen.storyboard in Resources */ = {isa = PBXBuildFile; fileRef = 9BD8F8F91EB7018600015253 /* LaunchScreen.storyboard */; };
/* End PBXBuildFile section */

/* Begin PBXFileReference section */
		9BD8F8ED1EB7018600015253 /* MyImageTest.app */ = {isa = PBXFileReference; explicitFileType = wrapper.application; includeInIndex = 0; path = MyImageTest.app; sourceTree = BUILT_PRODUCTS_DIR; };
		9BD8F8F01EB7018600015253 /* AppDelegate.swift */ = {isa = PBXFileReference; lastKnownFileType = sourcecode.swift; path = AppDelegate.swift; sourceTree = "<group>"; };
		9BD8F8F21EB7018600015253 /* ViewController.swift */ = {isa = PBXFileReference; lastKnownFileType = sourcecode.swift; path = ViewController.swift; sourceTree = "<group>"; };
		9BD8F8F51EB7018600015253 /* Base */ = {isa = PBXFileReference; lastKnownFileType = file.storyboard; name = Base; path = Base.lproj/Main.storyboard; sourceTree = "<group>"; };
		9BD8F8F71EB7018600015253 /* Assets.xcassets */ = {isa = PBXFileReference; lastKnownFileType = folder.assetcatalog; path = Assets.xcassets; sourceTree = "<group>"; };
		9BD8F8FA1EB7018600015253 /* Base */ = {isa = PBXFileReference; lastKnownFileType = file.storyboard; name = Base; path = Base.lproj/LaunchScreen.storyboard; sourceTree = "<group>"; };
		9BD8F8FC1EB7018600015253 /* Info.plist */ = {isa = PBXFileReference; lastKnownFileType = text.plist.xml; path = Info.plist; sourceTree = "<group>"; };
/* End PBXFileReference section */

/* Begin PBXFrameworksBuildPhase section */
		9BD8F8EA1EB7018600015253 /* Frameworks */ = {
			isa = PBXFrameworksBuildPhase;
			buildActionMask = 2147483647;
			files = (
			);
			runOnlyForDeploymentPostprocessing = 0;
		};
/* End PBXFrameworksBuildPhase section */

/* Begin PBXGroup section */
		9BD8F8E41EB7018600015253 = {
			isa = PBXGroup;
			children = (
				9BD8F8EF1EB7018600015253 /* MyImageTest */,
				9BD8F8EE1EB7018600015253 /* Products */,
			);
			sourceTree = "<group>";
		};
		9BD8F8EE1EB7018600015253 /* Products */ = {
			isa = PBXGroup;
			children = (
				9BD8F8ED1EB7018600015253 /* MyImageTest.app */,
			);
			name = Products;
			sourceTree = "<group>";
		};
		9BD8F8EF1EB7018600015253 /* MyImageTest */ = {
			isa = PBXGroup;
			children = (
				9BD8F8F01EB7018600015253 /* AppDelegate.swift */,
				9BD8F8F21EB7018600015253 /* ViewController.swift */,
				9BD8F8F41EB7018600015253 /* Main.storyboard */,
				9BD8F8F71EB7018600015253 /* Assets.xcassets */,
				9BD8F8F91EB7018600015253 /* LaunchScreen.storyboard */,
				9BD8F8FC1EB7018600015253 /* Info.plist */,
			);
			path = MyImageTest;
			sourceTree = "<group>";
		};
/* End PBXGroup section */

/* Begin PBXNativeTarget section */
		9BD8F8EC1EB7018600015253 /* MyImageTest */ = {
			isa = PBXNativeTarget;
			buildConfigurationList = 9BD8F8FF1EB7018600015253 /* Build configuration list for PBXNativeTarget "MyImageTest" */;
			buildPhases = (
				9BD8F8E91EB7018600015253 /* Sources */,
				9BD8F8EA1EB7018600015253 /* Frameworks */,
				9BD8F8EB1EB7018600015253 /* Resources */,
			);
			buildRules = (
			);
			dependencies = (
			);
			name = MyImageTest;
			productName = MyImageTest;
			productReference = 9BD8F8ED1EB7018600015253 /* MyImageTest.app */;
			productType = "com.apple.product-type.application";
		};
/* End PBXNativeTarget section */

/* Begin PBXProject section */
		9BD8F8E51EB7018600015253 /* Project object */ = {
			isa = PBXProject;
			attributes = {
				LastSwiftUpdateCheck = 0830;
				LastUpgradeCheck = 0830;
				ORGANIZATIONNAME = Eason;
				TargetAttributes = {
					9BD8F8EC1EB7018600015253 = {
						CreatedOnToolsVersion = 8.3.2;
						ProvisioningStyle = Automatic;
					};
				};
			};
			buildConfigurationList = 9BD8F8E81EB7018600015253 /* Build configuration list for PBXProject "MyImageTest" */;
			compatibilityVersion = "Xcode 3.2";
			developmentRegion = English;
			hasScannedForEncodings = 0;
			knownRegions = (
				en,
				Base,
			);
			mainGroup = 9BD8F8E41EB7018600015253;
			productRefGroup = 9BD8F8EE1EB7018600015253 /* Products */;
			projectDirPath = "";
			projectRoot = "";
			targets = (
				9BD8F8EC1EB7018600015253 /* MyImageTest */,
			);
		};
/* End PBXProject section */

/* Begin PBXResourcesBuildPhase section */
		9BD8F8EB1EB7018600015253 /* Resources */ = {
			isa = PBXResourcesBuildPhase;
			buildActionMask = 2147483647;
			files = (
				9BD8F8FB1EB7018600015253 /* LaunchScreen.storyboard in Resources */,
				9BD8F8F81EB7018600015253 /* Assets.xcassets in Resources */,
				9BD8F8F61EB7018600015253 /* Main.storyboard in Resources */,
			);
			runOnlyForDeploymentPostprocessing = 0;
		};
/* End PBXResourcesBuildPhase section */

/* Begin PBXSourcesBuildPhase section */
		9BD8F8E91EB7018600015253 /* Sources */ = {
			isa = PBXSourcesBuildPhase;
			buildActionMask = 2147483647;
			files = (
				9BD8F8F31EB7018600015253 /* ViewController.swift in Sources */,
				9BD8F8F11EB7018600015253 /* AppDelegate.swift in Sources */,
			);
			runOnlyForDeploymentPostprocessing = 0;
		};
/* End PBXSourcesBuildPhase section */

/* Begin PBXVariantGroup section */
		9BD8F8F41EB7018600015253 /* Main.storyboard */ = {
			isa = PBXVariantGroup;
			children = (
				9BD8F8F51EB7018600015253 /* Base */,
			);
			name = Main.storyboard;
			sourceTree = "<group>";
		};
		9BD8F8F91EB7018600015253 /* LaunchScreen.storyboard */ = {
			isa = PBXVariantGroup;
			children = (
				9BD8F8FA1EB7018600015253 /* Base */,
			);
			name = LaunchScreen.storyboard;
			sourceTree = "<group>";
		};
/* End PBXVariantGroup section */

/* Begin XCBuildConfiguration section */
		9BD8F8FD1EB7018600015253 /* Debug */ = {
			isa = XCBuildConfiguration;
			buildSettings = {
				ALWAYS_SEARCH_USER_PATHS = NO;
				CLANG_ANALYZER_NONNULL = YES;
				CLANG_ANALYZER_NUMBER_OBJECT_CONVERSION = YES_AGGRESSIVE;
				CLANG_CXX_LANGUAGE_STANDARD = "gnu++0x";
				CLANG_CXX_LIBRARY = "libc++";
				CLANG_ENABLE_MODULES = YES;
				CLANG_ENABLE_OBJC_ARC = YES;
				CLANG_WARN_BOOL_CONVERSION = YES;
				CLANG_WARN_CONSTANT_CONVERSION = YES;
				CLANG_WARN_DIRECT_OBJC_ISA_USAGE = YES_ERROR;
				CLANG_WARN_DOCUMENTATION_COMMENTS = YES;
				CLANG_WARN_EMPTY_BODY = YES;
				CLANG_WARN_ENUM_CONVERSION = YES;
				CLANG_WARN_INFINITE_RECURSION = YES;
				CLANG_WARN_INT_CONVERSION = YES;
				CLANG_WARN_OBJC_ROOT_CLASS = YES_ERROR;
				CLANG_WARN_SUSPICIOUS_MOVE = YES;
				CLANG_WARN_UNREACHABLE_CODE = YES;
				CLANG_WARN__DUPLICATE_METHOD_MATCH = YES;
				"CODE_SIGN_IDENTITY[sdk=iphoneos*]" = "iPhone Developer";
				COPY_PHASE_STRIP = NO;
				DEBUG_INFORMATION_FORMAT = dwarf;
				ENABLE_STRICT_OBJC_MSGSEND = YES;
				ENABLE_TESTABILITY = YES;
				GCC_C_LANGUAGE_STANDARD = gnu99;
				GCC_DYNAMIC_NO_PIC = NO;
				GCC_NO_COMMON_BLOCKS = YES;
				GCC_OPTIMIZATION_LEVEL = 0;
				GCC_PREPROCESSOR_DEFINITIONS = (
					"DEBUG=1",
					"$(inherited)",
				);
				GCC_WARN_64_TO_32_BIT_CONVERSION = YES;
				GCC_WARN_ABOUT_RETURN_TYPE = YES_ERROR;
				GCC_WARN_UNDECLARED_SELECTOR = YES;
				GCC_WARN_UNINITIALIZED_AUTOS = YES_AGGRESSIVE;
				GCC_WARN_UNUSED_FUNCTION = YES;
				GCC_WARN_UNUSED_VARIABLE = YES;
				IPHONEOS_DEPLOYMENT_TARGET = 10.3;
				MTL_ENABLE_DEBUG_INFO = YES;
				ONLY_ACTIVE_ARCH = YES;
				SDKROOT = iphoneos;
				SWIFT_ACTIVE_COMPILATION_CONDITIONS = DEBUG;
				SWIFT_OPTIMIZATION_LEVEL = "-Onone";
			};
			name = Debug;
		};
		9BD8F8FE1EB7018600015253 /* Release */ = {
			isa = XCBuildConfiguration;
			buildSettings = {
				ALWAYS_SEARCH_USER_PATHS = NO;
				CLANG_ANALYZER_NONNULL = YES;
				CLANG_ANALYZER_NUMBER_OBJECT_CONVERSION = YES_AGGRESSIVE;
				CLANG_CXX_LANGUAGE_STANDARD = "gnu++0x";
				CLANG_CXX_LIBRARY = "libc++";
				CLANG_ENABLE_MODULES = YES;
				CLANG_ENABLE_OBJC_ARC = YES;
				CLANG_WARN_BOOL_CONVERSION = YES;
				CLANG_WARN_CONSTANT_CONVERSION = YES;
				CLANG_WARN_DIRECT_OBJC_ISA_USAGE = YES_ERROR;
				CLANG_WARN_DOCUMENTATION_COMMENTS = YES;
				CLANG_WARN_EMPTY_BODY = YES;
				CLANG_WARN_ENUM_CONVERSION = YES;
				CLANG_WARN_INFINITE_RECURSION = YES;
				CLANG_WARN_INT_CONVERSION = YES;
				CLANG_WARN_OBJC_ROOT_CLASS = YES_ERROR;
				CLANG_WARN_SUSPICIOUS_MOVE = YES;
				CLANG_WARN_UNREACHABLE_CODE = YES;
				CLANG_WARN__DUPLICATE_METHOD_MATCH = YES;
				"CODE_SIGN_IDENTITY[sdk=iphoneos*]" = "iPhone Developer";
				COPY_PHASE_STRIP = NO;
				DEBUG_INFORMATION_FORMAT = "dwarf-with-dsym";
				ENABLE_NS_ASSERTIONS = NO;
				ENABLE_STRICT_OBJC_MSGSEND = YES;
				GCC_C_LANGUAGE_STANDARD = gnu99;
				GCC_NO_COMMON_BLOCKS = YES;
				GCC_WARN_64_TO_32_BIT_CONVERSION = YES;
				GCC_WARN_ABOUT_RETURN_TYPE = YES_ERROR;
				GCC_WARN_UNDECLARED_SELECTOR = YES;
				GCC_WARN_UNINITIALIZED_AUTOS = YES_AGGRESSIVE;
				GCC_WARN_UNUSED_FUNCTION = YES;
				GCC_WARN_UNUSED_VARIABLE = YES;
				IPHONEOS_DEPLOYMENT_TARGET = 10.3;
				MTL_ENABLE_DEBUG_INFO = NO;
				SDKROOT = iphoneos;
				SWIFT_OPTIMIZATION_LEVEL = "-Owholemodule";
				VALIDATE_PRODUCT = YES;
			};
			name = Release;
		};
		9BD8F9001EB7018600015253 /* Debug */ = {
			isa = XCBuildConfiguration;
			buildSettings = {
				ASSETCATALOG_COMPILER_APPICON_NAME = AppIcon;
				INFOPLIST_FILE = MyImageTest/Info.plist;
				LD_RUNPATH_SEARCH_PATHS = "$(inherited) @executable_path/Frameworks";
				PRODUCT_BUNDLE_IDENTIFIER = com.eason.MyImageTest;
				PRODUCT_NAME = "$(TARGET_NAME)";
				SWIFT_VERSION = 3.0;
			};
			name = Debug;
		};
		9BD8F9011EB7018600015253 /* Release */ = {
			isa = XCBuildConfiguration;
			buildSettings = {
				ASSETCATALOG_COMPILER_APPICON_NAME = AppIcon;
				INFOPLIST_FILE = MyImageTest/Info.plist;
				LD_RUNPATH_SEARCH_PATHS = "$(inherited) @executable_path/Frameworks";
				PRODUCT_BUNDLE_IDENTIFIER = com.eason.MyImageTest;
				PRODUCT_NAME = "$(TARGET_NAME)";
				SWIFT_VERSION = 3.0;
			};
			name = Release;
		};
/* End XCBuildConfiguration section */

/* Begin XCConfigurationList section */
		9BD8F8E81EB7018600015253 /* Build configuration list for PBXProject "MyImageTest" */ = {
			isa = XCConfigurationList;
			buildConfigurations = (
				9BD8F8FD1EB7018600015253 /* Debug */,
				9BD8F8FE1EB7018600015253 /* Release */,
			);
			defaultConfigurationIsVisible = 0;
			defaultConfigurationName = Release;
		};
		9BD8F8FF1EB7018600015253 /* Build configuration list for PBXNativeTarget "MyImageTest" */ = {
			isa = XCConfigurationList;
			buildConfigurations = (
				9BD8F9001EB7018600015253 /* Debug */,
				9BD8F9011EB7018600015253 /* Release */,
			);
			defaultConfigurationIsVisible = 0;
		};
/* End XCConfigurationList section */
	};
	rootObject = 9BD8F8E51EB7018600015253 /* Project object */;
}
